
Microsoft Visual Studio Solution File, Format Version 12.00
# Visual Studio Version 16
VisualStudioVersion = 16.0.31313.79
MinimumVisualStudioVersion = 10.0.40219.1
Project("{9A19103F-16F7-4668-BE54-9A1E7A4F7556}") = "LearningGraphicTransformation", "LearningGraphicTransformation\LearningGraphicTransformation.csproj", "{89C5570B-F8B8-4EDC-95A9-85F6A1A9E4EC}"
EndProject
Global
	GlobalSection(SolutionConfigurationPlatforms) = preSolution
		Debug|Any CPU = Debug|Any CPU
		Release|Any CPU = Release|Any CPU
	EndGlobalSection
	GlobalSection(ProjectConfigurationPlatforms) = postSolution
		{89C5570B-F8B8-4EDC-95A9-85F6A1A9E4EC}.Debug|Any CPU.ActiveCfg = Debug|Any CPU
		{89C5570B-F8B8-4EDC-95A9-85F6A1A9E4EC}.Debug|Any CPU.Build.0 = Debug|Any CPU
		{89C5570B-F8B8-4EDC-95A9-85F6A1A9E4EC}.Release|Any CPU.ActiveCfg = Release|Any CPU
		{89C5570B-F8B8-4EDC-95A9-85F6A1A9E4EC}.Release|Any CPU.Build.0 = Release|Any CPU
	EndGlobalSection
	GlobalSection(SolutionProperties) = preSolution
		HideSolutionNode = FALSE
	EndGlobalSection
	GlobalSection(ExtensibilityGlobals) = postSolution
		SolutionGuid = {AC371C38-57B0-408F-85F2-C4F93954B4EF}
	EndGlobalSection
EndGlobal
